
Microsoft Visual Studio Solution File, Format Version 12.00
# Visual Studio 15
VisualStudioVersion = 15.0.28307.852
MinimumVisualStudioVersion = 10.0.40219.1
Project("{FAE04EC0-301F-11D3-BF4B-00C04F79EFBC}") = "CryptoTradingForTaxes", "CryptoTradingForTaxes\CryptoTradingForTaxes.csproj", "{9B882CC5-19C5-4034-8C8B-D70D67750179}"
EndProject
Global
	GlobalSection(SolutionConfigurationPlatforms) = preSolution
		Debug|Any CPU = Debug|Any CPU
		Release|Any CPU = Release|Any CPU
	EndGlobalSection
	GlobalSection(ProjectConfigurationPlatforms) = postSolution
		{9B882CC5-19C5-4034-8C8B-D70D67750179}.Debug|Any CPU.ActiveCfg = Debug|Any CPU
		{9B882CC5-19C5-4034-8C8B-D70D67750179}.Debug|Any CPU.Build.0 = Debug|Any CPU
		{9B882CC5-19C5-4034-8C8B-D70D67750179}.Release|Any CPU.ActiveCfg = Release|Any CPU
		{9B882CC5-19C5-4034-8C8B-D70D67750179}.Release|Any CPU.Build.0 = Release|Any CPU
	EndGlobalSection
	GlobalSection(SolutionProperties) = preSolution
		HideSolutionNode = FALSE
	EndGlobalSection
	GlobalSection(ExtensibilityGlobals) = postSolution
		SolutionGuid = {BBEADF60-A6DF-4320-B506-53EF9DAD09D3}
	EndGlobalSection
EndGlobal
